
Microsoft Visual Studio Solution File, Format Version 12.00
# Visual Studio Version 16
VisualStudioVersion = 16.0.30114.105
MinimumVisualStudioVersion = 10.0.40219.1
Project("{2150E333-8FDC-42A3-9474-1A3956D46DE8}") = "src", "src", "{17AD21E7-F7DB-4F2B-87EB-9FCB376F33D3}"
EndProject
Project("{FAE04EC0-301F-11D3-BF4B-00C04F79EFBC}") = "DziennikUczniaApp", "src\DziennikUczniaApp\DziennikUczniaApp.csproj", "{23A2DBAB-7826-4E93-8DF5-9809E9C98F82}"
EndProject
Project("{2150E333-8FDC-42A3-9474-1A3956D46DE8}") = "tests", "tests", "{FE61B021-1572-46A6-92B1-C8BDEA7BAA9A}"
EndProject
Project("{FAE04EC0-301F-11D3-BF4B-00C04F79EFBC}") = "Dziennik.Tests", "tests\Dziennik.Tests\Dziennik.Tests.csproj", "{C82D2043-F897-48CE-BF8B-3E3321905261}"
EndProject
Global
	GlobalSection(SolutionConfigurationPlatforms) = preSolution
		Debug|Any CPU = Debug|Any CPU
		Debug|x64 = Debug|x64
		Debug|x86 = Debug|x86
		Release|Any CPU = Release|Any CPU
		Release|x64 = Release|x64
		Release|x86 = Release|x86
	EndGlobalSection
	GlobalSection(SolutionProperties) = preSolution
		HideSolutionNode = FALSE
	EndGlobalSection
	GlobalSection(ProjectConfigurationPlatforms) = postSolution
		{23A2DBAB-7826-4E93-8DF5-9809E9C98F82}.Debug|Any CPU.ActiveCfg = Debug|Any CPU
		{23A2DBAB-7826-4E93-8DF5-9809E9C98F82}.Debug|Any CPU.Build.0 = Debug|Any CPU
		{23A2DBAB-7826-4E93-8DF5-9809E9C98F82}.Debug|x64.ActiveCfg = Debug|Any CPU
		{23A2DBAB-7826-4E93-8DF5-9809E9C98F82}.Debug|x64.Build.0 = Debug|Any CPU
		{23A2DBAB-7826-4E93-8DF5-9809E9C98F82}.Debug|x86.ActiveCfg = Debug|Any CPU
		{23A2DBAB-7826-4E93-8DF5-9809E9C98F82}.Debug|x86.Build.0 = Debug|Any CPU
		{23A2DBAB-7826-4E93-8DF5-9809E9C98F82}.Release|Any CPU.ActiveCfg = Release|Any CPU
		{23A2DBAB-7826-4E93-8DF5-9809E9C98F82}.Release|Any CPU.Build.0 = Release|Any CPU
		{23A2DBAB-7826-4E93-8DF5-9809E9C98F82}.Release|x64.ActiveCfg = Release|Any CPU
		{23A2DBAB-7826-4E93-8DF5-9809E9C98F82}.Release|x64.Build.0 = Release|Any CPU
		{23A2DBAB-7826-4E93-8DF5-9809E9C98F82}.Release|x86.ActiveCfg = Release|Any CPU
		{23A2DBAB-7826-4E93-8DF5-9809E9C98F82}.Release|x86.Build.0 = Release|Any CPU
		{C82D2043-F897-48CE-BF8B-3E3321905261}.Debug|Any CPU.ActiveCfg = Debug|Any CPU
		{C82D2043-F897-48CE-BF8B-3E3321905261}.Debug|Any CPU.Build.0 = Debug|Any CPU
		{C82D2043-F897-48CE-BF8B-3E3321905261}.Debug|x64.ActiveCfg = Debug|Any CPU
		{C82D2043-F897-48CE-BF8B-3E3321905261}.Debug|x64.Build.0 = Debug|Any CPU
		{C82D2043-F897-48CE-BF8B-3E3321905261}.Debug|x86.ActiveCfg = Debug|Any CPU
		{C82D2043-F897-48CE-BF8B-3E3321905261}.Debug|x86.Build.0 = Debug|Any CPU
		{C82D2043-F897-48CE-BF8B-3E3321905261}.Release|Any CPU.ActiveCfg = Release|Any CPU
		{C82D2043-F897-48CE-BF8B-3E3321905261}.Release|Any CPU.Build.0 = Release|Any CPU
		{C82D2043-F897-48CE-BF8B-3E3321905261}.Release|x64.ActiveCfg = Release|Any CPU
		{C82D2043-F897-48CE-BF8B-3E3321905261}.Release|x64.Build.0 = Release|Any CPU
		{C82D2043-F897-48CE-BF8B-3E3321905261}.Release|x86.ActiveCfg = Release|Any CPU
		{C82D2043-F897-48CE-BF8B-3E3321905261}.Release|x86.Build.0 = Release|Any CPU
	EndGlobalSection
	GlobalSection(NestedProjects) = preSolution
		{23A2DBAB-7826-4E93-8DF5-9809E9C98F82} = {17AD21E7-F7DB-4F2B-87EB-9FCB376F33D3}
		{C82D2043-F897-48CE-BF8B-3E3321905261} = {FE61B021-1572-46A6-92B1-C8BDEA7BAA9A}
	EndGlobalSection
EndGlobal
